// !$*UTF8*$!
{
	archiveVersion = 1;
	classes = {
	};
	objectVersion = 46;
	objects = {

/* Begin PBXBuildFile section */
		8C6AE805B24F4193B20B2F7B /* libPods.a in Frameworks */ = {isa = PBXBuildFile; fileRef = F2B1E050698147DEA8EA5396 /* libPods.a */; };
		F700C4D617D5F96F00633360 /* NSObject+PearlKVO.m in Sources */ = {isa = PBXBuildFile; fileRef = F700C4D517D5F96F00633360 /* NSObject+PearlKVO.m */; };
		F7088CD017D71C1900AA6787 /* PearlAlert.m in Sources */ = {isa = PBXBuildFile; fileRef = F7088CC717D71C1900AA6787 /* PearlAlert.m */; };
		F7088CD117D71C1900AA6787 /* PearlBoxView.m in Sources */ = {isa = PBXBuildFile; fileRef = F7088CC917D71C1900AA6787 /* PearlBoxView.m */; };
		F7088CD217D71C1900AA6787 /* PearlSheet.m in Sources */ = {isa = PBXBuildFile; fileRef = F7088CCB17D71C1900AA6787 /* PearlSheet.m */; };
		F7088CD317D71C1900AA6787 /* PearlUIUtils.m in Sources */ = {isa = PBXBuildFile; fileRef = F7088CCD17D71C1900AA6787 /* PearlUIUtils.m */; };
		F7088CD417D71C1900AA6787 /* UIImage+PearlScaling.m in Sources */ = {isa = PBXBuildFile; fileRef = F7088CCF17D71C1900AA6787 /* UIImage+PearlScaling.m */; };
		F7088CD817D71D4E00AA6787 /* PearlAppDelegate.m in Sources */ = {isa = PBXBuildFile; fileRef = F7088CD717D71D4E00AA6787 /* PearlAppDelegate.m */; };
		F7088CDC17D7298700AA6787 /* PearlWSStrings.m in Sources */ = {isa = PBXBuildFile; fileRef = F7088CDB17D7298700AA6787 /* PearlWSStrings.m */; };
		F7526C9617D0BDAE00049AAB /* PearlLogger.m in Sources */ = {isa = PBXBuildFile; fileRef = F7526C9517D0BDAE00049AAB /* PearlLogger.m */; };
		F7526C9917D0BE5400049AAB /* PearlObjectUtils.m in Sources */ = {isa = PBXBuildFile; fileRef = F7526C9817D0BE5400049AAB /* PearlObjectUtils.m */; };
		F7526C9C17D0BEB800049AAB /* NSString+PearlSEL.m in Sources */ = {isa = PBXBuildFile; fileRef = F7526C9B17D0BEB800049AAB /* NSString+PearlSEL.m */; };
		F7526CA017D0C03100049AAB /* PearlCodeUtils.m in Sources */ = {isa = PBXBuildFile; fileRef = F7526C9F17D0C03100049AAB /* PearlCodeUtils.m */; };
		F7526CA317D0C0D300049AAB /* PearlStringUtils.m in Sources */ = {isa = PBXBuildFile; fileRef = F7526CA217D0C0D300049AAB /* PearlStringUtils.m */; };
		F7526CA617D0C10500049AAB /* PearlStrings.m in Sources */ = {isa = PBXBuildFile; fileRef = F7526CA517D0C10500049AAB /* PearlStrings.m */; };
		F7526CA917D0C14400049AAB /* PearlAbstractStrings.m in Sources */ = {isa = PBXBuildFile; fileRef = F7526CA817D0C14400049AAB /* PearlAbstractStrings.m */; };
		F7526CC617D0C4D500049AAB /* PearlWSController.m in Sources */ = {isa = PBXBuildFile; fileRef = F7526CC517D0C4D500049AAB /* PearlWSController.m */; };
		F7526CC917D0C50B00049AAB /* NSString+PearlNSArrayFormat.m in Sources */ = {isa = PBXBuildFile; fileRef = F7526CC817D0C50B00049AAB /* NSString+PearlNSArrayFormat.m */; };
		F7526CCC17D0C54600049AAB /* NSObject+PearlExport.m in Sources */ = {isa = PBXBuildFile; fileRef = F7526CCB17D0C54600049AAB /* NSObject+PearlExport.m */; };
		F7526CF717D0C6B500049AAB /* PearlConfig.m in Sources */ = {isa = PBXBuildFile; fileRef = F7526CF617D0C6B500049AAB /* PearlConfig.m */; };
		F7526CFA17D0C6EA00049AAB /* PearlDeviceUtils.m in Sources */ = {isa = PBXBuildFile; fileRef = F7526CF917D0C6EA00049AAB /* PearlDeviceUtils.m */; };
		F7526D8317D0D91C00049AAB /* PearlInfoPlist.m in Sources */ = {isa = PBXBuildFile; fileRef = F7526D8217D0D91C00049AAB /* PearlInfoPlist.m */; };
		F7526D9E17D0DB0300049AAB /* PearlQueue.m in Sources */ = {isa = PBXBuildFile; fileRef = F7526D9D17D0DB0300049AAB /* PearlQueue.m */; };
		F7526DAA17D0DCCA00049AAB /* PearlKeyChain.m in Sources */ = {isa = PBXBuildFile; fileRef = F7526DA917D0DCCA00049AAB /* PearlKeyChain.m */; };
		F7526DAD17D0DCF200049AAB /* PearlCryptUtils.m in Sources */ = {isa = PBXBuildFile; fileRef = F7526DAC17D0DCF200049AAB /* PearlCryptUtils.m */; };
		F7C335D417D0A29700D0A7AE /* Foundation.framework in Frameworks */ = {isa = PBXBuildFile; fileRef = F7C335D317D0A29700D0A7AE /* Foundation.framework */; };
/* End PBXBuildFile section */

/* Begin PBXCopyFilesBuildPhase section */
		F7C335CE17D0A29700D0A7AE /* CopyFiles */ = {
			isa = PBXCopyFilesBuildPhase;
			buildActionMask = 2147483647;
			dstPath = "include/$(PRODUCT_NAME)";
			dstSubfolderSpec = 16;
			files = (
			);
			runOnlyForDeploymentPostprocessing = 0;
		};
/* End PBXCopyFilesBuildPhase section */

/* Begin PBXFileReference section */
		DB9527A873CF40AF900172B9 /* Pods.xcconfig */ = {isa = PBXFileReference; includeInIndex = 1; lastKnownFileType = text.xcconfig; name = Pods.xcconfig; path = ../Pods/Pods.xcconfig; sourceTree = SOURCE_ROOT; };
		F2B1E050698147DEA8EA5396 /* libPods.a */ = {isa = PBXFileReference; explicitFileType = archive.ar; includeInIndex = 0; path = libPods.a; sourceTree = BUILT_PRODUCTS_DIR; };
		F700C4D417D5F96F00633360 /* NSObject+PearlKVO.h */ = {isa = PBXFileReference; fileEncoding = 4; lastKnownFileType = sourcecode.c.h; path = "NSObject+PearlKVO.h"; sourceTree = "<group>"; };
		F700C4D517D5F96F00633360 /* NSObject+PearlKVO.m */ = {isa = PBXFileReference; fileEncoding = 4; lastKnownFileType = sourcecode.c.objc; path = "NSObject+PearlKVO.m"; sourceTree = "<group>"; };
		F7088C7D17D70FA800AA6787 /* Cocoa.framework */ = {isa = PBXFileReference; lastKnownFileType = wrapper.framework; name = Cocoa.framework; path = Library/Frameworks/Cocoa.framework; sourceTree = DEVELOPER_DIR; };
		F7088C8017D70FA800AA6787 /* Foundation.framework */ = {isa = PBXFileReference; lastKnownFileType = wrapper.framework; name = Foundation.framework; path = Library/Frameworks/Foundation.framework; sourceTree = SDKROOT; };
		F7088C8117D70FA800AA6787 /* CoreData.framework */ = {isa = PBXFileReference; lastKnownFileType = wrapper.framework; name = CoreData.framework; path = Library/Frameworks/CoreData.framework; sourceTree = SDKROOT; };
		F7088C8217D70FA800AA6787 /* AppKit.framework */ = {isa = PBXFileReference; lastKnownFileType = wrapper.framework; name = AppKit.framework; path = Library/Frameworks/AppKit.framework; sourceTree = SDKROOT; };
		F7088C8E17D70FA900AA6787 /* XCTest.framework */ = {isa = PBXFileReference; lastKnownFileType = wrapper.framework; name = XCTest.framework; path = Library/Frameworks/XCTest.framework; sourceTree = DEVELOPER_DIR; };
		F7088CC617D71C1900AA6787 /* PearlAlert.h */ = {isa = PBXFileReference; fileEncoding = 4; lastKnownFileType = sourcecode.c.h; name = PearlAlert.h; path = "Fiorite-iOS/PearlAlert.h"; sourceTree = "<group>"; };
		F7088CC717D71C1900AA6787 /* PearlAlert.m */ = {isa = PBXFileReference; fileEncoding = 4; lastKnownFileType = sourcecode.c.objc; name = PearlAlert.m; path = "Fiorite-iOS/PearlAlert.m"; sourceTree = "<group>"; };
		F7088CC817D71C1900AA6787 /* PearlBoxView.h */ = {isa = PBXFileReference; fileEncoding = 4; lastKnownFileType = sourcecode.c.h; name = PearlBoxView.h; path = "Fiorite-iOS/PearlBoxView.h"; sourceTree = "<group>"; };
		F7088CC917D71C1900AA6787 /* PearlBoxView.m */ = {isa = PBXFileReference; fileEncoding = 4; lastKnownFileType = sourcecode.c.objc; name = PearlBoxView.m; path = "Fiorite-iOS/PearlBoxView.m"; sourceTree = "<group>"; };
		F7088CCA17D71C1900AA6787 /* PearlSheet.h */ = {isa = PBXFileReference; fileEncoding = 4; lastKnownFileType = sourcecode.c.h; name = PearlSheet.h; path = "Fiorite-iOS/PearlSheet.h"; sourceTree = "<group>"; };
		F7088CCB17D71C1900AA6787 /* PearlSheet.m */ = {isa = PBXFileReference; fileEncoding = 4; lastKnownFileType = sourcecode.c.objc; name = PearlSheet.m; path = "Fiorite-iOS/PearlSheet.m"; sourceTree = "<group>"; };
		F7088CCC17D71C1900AA6787 /* PearlUIUtils.h */ = {isa = PBXFileReference; fileEncoding = 4; lastKnownFileType = sourcecode.c.h; name = PearlUIUtils.h; path = "Fiorite-iOS/PearlUIUtils.h"; sourceTree = "<group>"; };
		F7088CCD17D71C1900AA6787 /* PearlUIUtils.m */ = {isa = PBXFileReference; fileEncoding = 4; lastKnownFileType = sourcecode.c.objc; name = PearlUIUtils.m; path = "Fiorite-iOS/PearlUIUtils.m"; sourceTree = "<group>"; };
		F7088CCE17D71C1900AA6787 /* UIImage+PearlScaling.h */ = {isa = PBXFileReference; fileEncoding = 4; lastKnownFileType = sourcecode.c.h; name = "UIImage+PearlScaling.h"; path = "Fiorite-iOS/UIImage+PearlScaling.h"; sourceTree = "<group>"; };
		F7088CCF17D71C1900AA6787 /* UIImage+PearlScaling.m */ = {isa = PBXFileReference; fileEncoding = 4; lastKnownFileType = sourcecode.c.objc; name = "UIImage+PearlScaling.m"; path = "Fiorite-iOS/UIImage+PearlScaling.m"; sourceTree = "<group>"; };
		F7088CD617D71D4E00AA6787 /* PearlAppDelegate.h */ = {isa = PBXFileReference; fileEncoding = 4; lastKnownFileType = sourcecode.c.h; name = PearlAppDelegate.h; path = "Fiorite-iOS/PearlAppDelegate.h"; sourceTree = "<group>"; };
		F7088CD717D71D4E00AA6787 /* PearlAppDelegate.m */ = {isa = PBXFileReference; fileEncoding = 4; lastKnownFileType = sourcecode.c.objc; name = PearlAppDelegate.m; path = "Fiorite-iOS/PearlAppDelegate.m"; sourceTree = "<group>"; };
		F7088CD917D71D7D00AA6787 /* FioriteIOSImports.h */ = {isa = PBXFileReference; fileEncoding = 4; lastKnownFileType = sourcecode.c.h; name = FioriteIOSImports.h; path = "Fiorite-iOS/FioriteIOSImports.h"; sourceTree = "<group>"; };
		F7088CDA17D7298700AA6787 /* PearlWSStrings.h */ = {isa = PBXFileReference; fileEncoding = 4; lastKnownFileType = sourcecode.c.h; path = PearlWSStrings.h; sourceTree = "<group>"; };
		F7088CDB17D7298700AA6787 /* PearlWSStrings.m */ = {isa = PBXFileReference; fileEncoding = 4; lastKnownFileType = sourcecode.c.objc; path = PearlWSStrings.m; sourceTree = "<group>"; };
		F7526C9417D0BDAE00049AAB /* PearlLogger.h */ = {isa = PBXFileReference; fileEncoding = 4; lastKnownFileType = sourcecode.c.h; path = PearlLogger.h; sourceTree = "<group>"; };
		F7526C9517D0BDAE00049AAB /* PearlLogger.m */ = {isa = PBXFileReference; fileEncoding = 4; lastKnownFileType = sourcecode.c.objc; path = PearlLogger.m; sourceTree = "<group>"; };
		F7526C9717D0BE5400049AAB /* PearlObjectUtils.h */ = {isa = PBXFileReference; fileEncoding = 4; lastKnownFileType = sourcecode.c.h; path = PearlObjectUtils.h; sourceTree = "<group>"; };
		F7526C9817D0BE5400049AAB /* PearlObjectUtils.m */ = {isa = PBXFileReference; fileEncoding = 4; lastKnownFileType = sourcecode.c.objc; path = PearlObjectUtils.m; sourceTree = "<group>"; };
		F7526C9A17D0BEB800049AAB /* NSString+PearlSEL.h */ = {isa = PBXFileReference; fileEncoding = 4; lastKnownFileType = sourcecode.c.h; path = "NSString+PearlSEL.h"; sourceTree = "<group>"; };
		F7526C9B17D0BEB800049AAB /* NSString+PearlSEL.m */ = {isa = PBXFileReference; fileEncoding = 4; lastKnownFileType = sourcecode.c.objc; path = "NSString+PearlSEL.m"; sourceTree = "<group>"; };
		F7526C9E17D0C03100049AAB /* PearlCodeUtils.h */ = {isa = PBXFileReference; fileEncoding = 4; lastKnownFileType = sourcecode.c.h; path = PearlCodeUtils.h; sourceTree = "<group>"; };
		F7526C9F17D0C03100049AAB /* PearlCodeUtils.m */ = {isa = PBXFileReference; fileEncoding = 4; lastKnownFileType = sourcecode.c.objc; path = PearlCodeUtils.m; sourceTree = "<group>"; };
		F7526CA117D0C0D300049AAB /* PearlStringUtils.h */ = {isa = PBXFileReference; fileEncoding = 4; lastKnownFileType = sourcecode.c.h; path = PearlStringUtils.h; sourceTree = "<group>"; };
		F7526CA217D0C0D300049AAB /* PearlStringUtils.m */ = {isa = PBXFileReference; fileEncoding = 4; lastKnownFileType = sourcecode.c.objc; path = PearlStringUtils.m; sourceTree = "<group>"; };
		F7526CA417D0C10500049AAB /* PearlStrings.h */ = {isa = PBXFileReference; fileEncoding = 4; lastKnownFileType = sourcecode.c.h; path = PearlStrings.h; sourceTree = "<group>"; };
		F7526CA517D0C10500049AAB /* PearlStrings.m */ = {isa = PBXFileReference; fileEncoding = 4; lastKnownFileType = sourcecode.c.objc; path = PearlStrings.m; sourceTree = "<group>"; };
		F7526CA717D0C14400049AAB /* PearlAbstractStrings.h */ = {isa = PBXFileReference; fileEncoding = 4; lastKnownFileType = sourcecode.c.h; path = PearlAbstractStrings.h; sourceTree = "<group>"; };
		F7526CA817D0C14400049AAB /* PearlAbstractStrings.m */ = {isa = PBXFileReference; fileEncoding = 4; lastKnownFileType = sourcecode.c.objc; path = PearlAbstractStrings.m; sourceTree = "<group>"; };
		F7526CC417D0C4D500049AAB /* PearlWSController.h */ = {isa = PBXFileReference; fileEncoding = 4; lastKnownFileType = sourcecode.c.h; path = PearlWSController.h; sourceTree = "<group>"; };
		F7526CC517D0C4D500049AAB /* PearlWSController.m */ = {isa = PBXFileReference; fileEncoding = 4; lastKnownFileType = sourcecode.c.objc; path = PearlWSController.m; sourceTree = "<group>"; };
		F7526CC717D0C50B00049AAB /* NSString+PearlNSArrayFormat.h */ = {isa = PBXFileReference; fileEncoding = 4; lastKnownFileType = sourcecode.c.h; path = "NSString+PearlNSArrayFormat.h"; sourceTree = "<group>"; };
		F7526CC817D0C50B00049AAB /* NSString+PearlNSArrayFormat.m */ = {isa = PBXFileReference; fileEncoding = 4; lastKnownFileType = sourcecode.c.objc; path = "NSString+PearlNSArrayFormat.m"; sourceTree = "<group>"; };
		F7526CCA17D0C54600049AAB /* NSObject+PearlExport.h */ = {isa = PBXFileReference; fileEncoding = 4; lastKnownFileType = sourcecode.c.h; path = "NSObject+PearlExport.h"; sourceTree = "<group>"; };
		F7526CCB17D0C54600049AAB /* NSObject+PearlExport.m */ = {isa = PBXFileReference; fileEncoding = 4; lastKnownFileType = sourcecode.c.objc; path = "NSObject+PearlExport.m"; sourceTree = "<group>"; };
		F7526CF517D0C6B500049AAB /* PearlConfig.h */ = {isa = PBXFileReference; fileEncoding = 4; lastKnownFileType = sourcecode.c.h; path = PearlConfig.h; sourceTree = "<group>"; };
		F7526CF617D0C6B500049AAB /* PearlConfig.m */ = {isa = PBXFileReference; fileEncoding = 4; lastKnownFileType = sourcecode.c.objc; path = PearlConfig.m; sourceTree = "<group>"; };
		F7526CF817D0C6EA00049AAB /* PearlDeviceUtils.h */ = {isa = PBXFileReference; fileEncoding = 4; lastKnownFileType = sourcecode.c.h; path = PearlDeviceUtils.h; sourceTree = "<group>"; };
		F7526CF917D0C6EA00049AAB /* PearlDeviceUtils.m */ = {isa = PBXFileReference; fileEncoding = 4; lastKnownFileType = sourcecode.c.objc; path = PearlDeviceUtils.m; sourceTree = "<group>"; };
		F7526D8117D0D91C00049AAB /* PearlInfoPlist.h */ = {isa = PBXFileReference; fileEncoding = 4; lastKnownFileType = sourcecode.c.h; path = PearlInfoPlist.h; sourceTree = "<group>"; };
		F7526D8217D0D91C00049AAB /* PearlInfoPlist.m */ = {isa = PBXFileReference; fileEncoding = 4; lastKnownFileType = sourcecode.c.objc; path = PearlInfoPlist.m; sourceTree = "<group>"; };
		F7526D9C17D0DB0300049AAB /* PearlQueue.h */ = {isa = PBXFileReference; fileEncoding = 4; lastKnownFileType = sourcecode.c.h; path = PearlQueue.h; sourceTree = "<group>"; };
		F7526D9D17D0DB0300049AAB /* PearlQueue.m */ = {isa = PBXFileReference; fileEncoding = 4; lastKnownFileType = sourcecode.c.objc; path = PearlQueue.m; sourceTree = "<group>"; };
		F7526DA817D0DCCA00049AAB /* PearlKeyChain.h */ = {isa = PBXFileReference; fileEncoding = 4; lastKnownFileType = sourcecode.c.h; path = PearlKeyChain.h; sourceTree = "<group>"; };
		F7526DA917D0DCCA00049AAB /* PearlKeyChain.m */ = {isa = PBXFileReference; fileEncoding = 4; lastKnownFileType = sourcecode.c.objc; path = PearlKeyChain.m; sourceTree = "<group>"; };
		F7526DAB17D0DCF200049AAB /* PearlCryptUtils.h */ = {isa = PBXFileReference; fileEncoding = 4; lastKnownFileType = sourcecode.c.h; path = PearlCryptUtils.h; sourceTree = "<group>"; };
		F7526DAC17D0DCF200049AAB /* PearlCryptUtils.m */ = {isa = PBXFileReference; fileEncoding = 4; lastKnownFileType = sourcecode.c.objc; path = PearlCryptUtils.m; sourceTree = "<group>"; };
		F7C335D017D0A29700D0A7AE /* libFiorite.a */ = {isa = PBXFileReference; explicitFileType = archive.ar; includeInIndex = 0; path = libFiorite.a; sourceTree = BUILT_PRODUCTS_DIR; };
		F7C335D317D0A29700D0A7AE /* Foundation.framework */ = {isa = PBXFileReference; lastKnownFileType = wrapper.framework; name = Foundation.framework; path = System/Library/Frameworks/Foundation.framework; sourceTree = SDKROOT; };
		F7C335D717D0A29700D0A7AE /* Fiorite-Prefix.pch */ = {isa = PBXFileReference; lastKnownFileType = sourcecode.c.h; path = "Fiorite-Prefix.pch"; sourceTree = "<group>"; };
		F7D73A4917D4A59500C0E907 /* PearlImports.h */ = {isa = PBXFileReference; fileEncoding = 4; lastKnownFileType = sourcecode.c.h; path = PearlImports.h; sourceTree = "<group>"; };
/* End PBXFileReference section */

/* Begin PBXFrameworksBuildPhase section */
		F7C335CD17D0A29700D0A7AE /* Frameworks */ = {
			isa = PBXFrameworksBuildPhase;
			buildActionMask = 2147483647;
			files = (
				F7C335D417D0A29700D0A7AE /* Foundation.framework in Frameworks */,
				8C6AE805B24F4193B20B2F7B /* libPods.a in Frameworks */,
			);
			runOnlyForDeploymentPostprocessing = 0;
		};
/* End PBXFrameworksBuildPhase section */

/* Begin PBXGroup section */
		F7088C7F17D70FA800AA6787 /* Other Frameworks */ = {
			isa = PBXGroup;
			children = (
				F7088C8017D70FA800AA6787 /* Foundation.framework */,
				F7088C8117D70FA800AA6787 /* CoreData.framework */,
				F7088C8217D70FA800AA6787 /* AppKit.framework */,
			);
			name = "Other Frameworks";
			sourceTree = "<group>";
		};
		F7088CC517D71C0700AA6787 /* Fiorite-iOS */ = {
			isa = PBXGroup;
			children = (
				F7088CD517D71D2900AA6787 /* UIKit */,
				F7088CD917D71D7D00AA6787 /* FioriteIOSImports.h */,
			);
			name = "Fiorite-iOS";
			sourceTree = "<group>";
		};
		F7088CD517D71D2900AA6787 /* UIKit */ = {
			isa = PBXGroup;
			children = (
				F7088CD617D71D4E00AA6787 /* PearlAppDelegate.h */,
				F7088CD717D71D4E00AA6787 /* PearlAppDelegate.m */,
				F7088CC617D71C1900AA6787 /* PearlAlert.h */,
				F7088CC717D71C1900AA6787 /* PearlAlert.m */,
				F7088CC817D71C1900AA6787 /* PearlBoxView.h */,
				F7088CC917D71C1900AA6787 /* PearlBoxView.m */,
				F7088CCA17D71C1900AA6787 /* PearlSheet.h */,
				F7088CCB17D71C1900AA6787 /* PearlSheet.m */,
				F7088CCC17D71C1900AA6787 /* PearlUIUtils.h */,
				F7088CCD17D71C1900AA6787 /* PearlUIUtils.m */,
				F7088CCE17D71C1900AA6787 /* UIImage+PearlScaling.h */,
				F7088CCF17D71C1900AA6787 /* UIImage+PearlScaling.m */,
			);
			name = UIKit;
			sourceTree = "<group>";
		};
		F7526CCD17D0C5CF00049AAB /* WS */ = {
			isa = PBXGroup;
			children = (
				F7526CC417D0C4D500049AAB /* PearlWSController.h */,
				F7526CC517D0C4D500049AAB /* PearlWSController.m */,
				F7088CDA17D7298700AA6787 /* PearlWSStrings.h */,
				F7088CDB17D7298700AA6787 /* PearlWSStrings.m */,
			);
			name = WS;
			sourceTree = "<group>";
		};
		F7526CCE17D0C5D800049AAB /* Core */ = {
			isa = PBXGroup;
			children = (
				F7526C9417D0BDAE00049AAB /* PearlLogger.h */,
				F7526C9517D0BDAE00049AAB /* PearlLogger.m */,
				F7526C9717D0BE5400049AAB /* PearlObjectUtils.h */,
				F7526C9817D0BE5400049AAB /* PearlObjectUtils.m */,
				F7526C9A17D0BEB800049AAB /* NSString+PearlSEL.h */,
				F7526C9B17D0BEB800049AAB /* NSString+PearlSEL.m */,
				F7526C9E17D0C03100049AAB /* PearlCodeUtils.h */,
				F7526C9F17D0C03100049AAB /* PearlCodeUtils.m */,
				F7526CA117D0C0D300049AAB /* PearlStringUtils.h */,
				F7526CA217D0C0D300049AAB /* PearlStringUtils.m */,
				F7526CA417D0C10500049AAB /* PearlStrings.h */,
				F7526CA517D0C10500049AAB /* PearlStrings.m */,
				F7526CA717D0C14400049AAB /* PearlAbstractStrings.h */,
				F7526CA817D0C14400049AAB /* PearlAbstractStrings.m */,
				F7526CC717D0C50B00049AAB /* NSString+PearlNSArrayFormat.h */,
				F7526CC817D0C50B00049AAB /* NSString+PearlNSArrayFormat.m */,
				F7526CCA17D0C54600049AAB /* NSObject+PearlExport.h */,
				F7526CCB17D0C54600049AAB /* NSObject+PearlExport.m */,
				F7526CF517D0C6B500049AAB /* PearlConfig.h */,
				F7526CF617D0C6B500049AAB /* PearlConfig.m */,
				F7526CF817D0C6EA00049AAB /* PearlDeviceUtils.h */,
				F7526CF917D0C6EA00049AAB /* PearlDeviceUtils.m */,
				F7526D8117D0D91C00049AAB /* PearlInfoPlist.h */,
				F7526D8217D0D91C00049AAB /* PearlInfoPlist.m */,
				F7526D9C17D0DB0300049AAB /* PearlQueue.h */,
				F7526D9D17D0DB0300049AAB /* PearlQueue.m */,
				F700C4D417D5F96F00633360 /* NSObject+PearlKVO.h */,
				F700C4D517D5F96F00633360 /* NSObject+PearlKVO.m */,
			);
			name = Core;
			sourceTree = "<group>";
		};
		F7526DA717D0DCBD00049AAB /* Crypto */ = {
			isa = PBXGroup;
			children = (
				F7526DA817D0DCCA00049AAB /* PearlKeyChain.h */,
				F7526DA917D0DCCA00049AAB /* PearlKeyChain.m */,
				F7526DAB17D0DCF200049AAB /* PearlCryptUtils.h */,
				F7526DAC17D0DCF200049AAB /* PearlCryptUtils.m */,
			);
			name = Crypto;
			sourceTree = "<group>";
		};
		F7C335C717D0A29700D0A7AE = {
			isa = PBXGroup;
			children = (
				F7C335D517D0A29700D0A7AE /* Fiorite */,
				F7088CC517D71C0700AA6787 /* Fiorite-iOS */,
				F7C335D617D0A29700D0A7AE /* Supporting Files */,
				F7C335D217D0A29700D0A7AE /* Frameworks */,
				F7C335D117D0A29700D0A7AE /* Products */,
				DB9527A873CF40AF900172B9 /* Pods.xcconfig */,
			);
			sourceTree = "<group>";
		};
		F7C335D117D0A29700D0A7AE /* Products */ = {
			isa = PBXGroup;
			children = (
				F7C335D017D0A29700D0A7AE /* libFiorite.a */,
			);
			name = Products;
			sourceTree = "<group>";
		};
		F7C335D217D0A29700D0A7AE /* Frameworks */ = {
			isa = PBXGroup;
			children = (
				F7C335D317D0A29700D0A7AE /* Foundation.framework */,
				F2B1E050698147DEA8EA5396 /* libPods.a */,
				F7088C7D17D70FA800AA6787 /* Cocoa.framework */,
				F7088C8E17D70FA900AA6787 /* XCTest.framework */,
				F7088C7F17D70FA800AA6787 /* Other Frameworks */,
			);
			name = Frameworks;
			sourceTree = "<group>";
		};
		F7C335D517D0A29700D0A7AE /* Fiorite */ = {
			isa = PBXGroup;
			children = (
				F7526CCE17D0C5D800049AAB /* Core */,
				F7526DA717D0DCBD00049AAB /* Crypto */,
				F7526CCD17D0C5CF00049AAB /* WS */,
				F7D73A4917D4A59500C0E907 /* PearlImports.h */,
			);
			path = Fiorite;
			sourceTree = "<group>";
		};
		F7C335D617D0A29700D0A7AE /* Supporting Files */ = {
			isa = PBXGroup;
			children = (
				F7C335D717D0A29700D0A7AE /* Fiorite-Prefix.pch */,
			);
			name = "Supporting Files";
			path = Fiorite;
			sourceTree = "<group>";
		};
/* End PBXGroup section */

/* Begin PBXNativeTarget section */
		F7C335CF17D0A29700D0A7AE /* Fiorite */ = {
			isa = PBXNativeTarget;
			buildConfigurationList = F7C335F317D0A29800D0A7AE /* Build configuration list for PBXNativeTarget "Fiorite" */;
			buildPhases = (
				C48A2713459D4875B828A009 /* Check Pods Manifest.lock */,
				F7C335CC17D0A29700D0A7AE /* Sources */,
				F7C335CD17D0A29700D0A7AE /* Frameworks */,
				F7C335CE17D0A29700D0A7AE /* CopyFiles */,
				11555FA3EECF459380F750A6 /* Copy Pods Resources */,
			);
			buildRules = (
			);
			dependencies = (
			);
			name = Fiorite;
			productName = Fiorite;
			productReference = F7C335D017D0A29700D0A7AE /* libFiorite.a */;
			productType = "com.apple.product-type.library.static";
		};
/* End PBXNativeTarget section */

/* Begin PBXProject section */
		F7C335C817D0A29700D0A7AE /* Project object */ = {
			isa = PBXProject;
			attributes = {
				LastUpgradeCheck = 0500;
				ORGANIZATIONNAME = "Lin-k N.V.";
			};
			buildConfigurationList = F7C335CB17D0A29700D0A7AE /* Build configuration list for PBXProject "Fiorite" */;
			compatibilityVersion = "Xcode 3.2";
			developmentRegion = English;
			hasScannedForEncodings = 0;
			knownRegions = (
				en,
			);
			mainGroup = F7C335C717D0A29700D0A7AE;
			productRefGroup = F7C335D117D0A29700D0A7AE /* Products */;
			projectDirPath = "";
			projectRoot = "";
			targets = (
				F7C335CF17D0A29700D0A7AE /* Fiorite */,
			);
		};
/* End PBXProject section */

/* Begin PBXShellScriptBuildPhase section */
		11555FA3EECF459380F750A6 /* Copy Pods Resources */ = {
			isa = PBXShellScriptBuildPhase;
			buildActionMask = 2147483647;
			files = (
			);
			inputPaths = (
			);
			name = "Copy Pods Resources";
			outputPaths = (
			);
			runOnlyForDeploymentPostprocessing = 0;
			shellPath = /bin/sh;
			shellScript = "\"${SRCROOT}/../Pods/Pods-resources.sh\"\n";
			showEnvVarsInLog = 0;
		};
		C48A2713459D4875B828A009 /* Check Pods Manifest.lock */ = {
			isa = PBXShellScriptBuildPhase;
			buildActionMask = 2147483647;
			files = (
			);
			inputPaths = (
			);
			name = "Check Pods Manifest.lock";
			outputPaths = (
			);
			runOnlyForDeploymentPostprocessing = 0;
			shellPath = /bin/sh;
			shellScript = "diff \"${PODS_ROOT}/../Podfile.lock\" \"${PODS_ROOT}/Manifest.lock\" > /dev/null\nif [[ $? != 0 ]] ; then\n    cat << EOM\nerror: The sandbox is not in sync with the Podfile.lock. Run 'pod install' or update your CocoaPods installation.\nEOM\n    exit 1\nfi\n";
			showEnvVarsInLog = 0;
		};
/* End PBXShellScriptBuildPhase section */

/* Begin PBXSourcesBuildPhase section */
		F7C335CC17D0A29700D0A7AE /* Sources */ = {
			isa = PBXSourcesBuildPhase;
			buildActionMask = 2147483647;
			files = (
				F7088CD817D71D4E00AA6787 /* PearlAppDelegate.m in Sources */,
				F7088CD117D71C1900AA6787 /* PearlBoxView.m in Sources */,
				F7526CA017D0C03100049AAB /* PearlCodeUtils.m in Sources */,
				F7526DAA17D0DCCA00049AAB /* PearlKeyChain.m in Sources */,
				F7526CA617D0C10500049AAB /* PearlStrings.m in Sources */,
				F7526CCC17D0C54600049AAB /* NSObject+PearlExport.m in Sources */,
				F7088CD417D71C1900AA6787 /* UIImage+PearlScaling.m in Sources */,
				F7526CC617D0C4D500049AAB /* PearlWSController.m in Sources */,
				F7526C9617D0BDAE00049AAB /* PearlLogger.m in Sources */,
				F7526CC917D0C50B00049AAB /* NSString+PearlNSArrayFormat.m in Sources */,
				F7088CD017D71C1900AA6787 /* PearlAlert.m in Sources */,
				F7526D8317D0D91C00049AAB /* PearlInfoPlist.m in Sources */,
				F7526CF717D0C6B500049AAB /* PearlConfig.m in Sources */,
				F7526CA917D0C14400049AAB /* PearlAbstractStrings.m in Sources */,
				F7088CD217D71C1900AA6787 /* PearlSheet.m in Sources */,
				F7526C9C17D0BEB800049AAB /* NSString+PearlSEL.m in Sources */,
				F7526CFA17D0C6EA00049AAB /* PearlDeviceUtils.m in Sources */,
				F7526CA317D0C0D300049AAB /* PearlStringUtils.m in Sources */,
				F7526D9E17D0DB0300049AAB /* PearlQueue.m in Sources */,
				F7088CDC17D7298700AA6787 /* PearlWSStrings.m in Sources */,
				F7526C9917D0BE5400049AAB /* PearlObjectUtils.m in Sources */,
				F7088CD317D71C1900AA6787 /* PearlUIUtils.m in Sources */,
				F7526DAD17D0DCF200049AAB /* PearlCryptUtils.m in Sources */,
				F700C4D617D5F96F00633360 /* NSObject+PearlKVO.m in Sources */,
			);
			runOnlyForDeploymentPostprocessing = 0;
		};
/* End PBXSourcesBuildPhase section */

/* Begin XCBuildConfiguration section */
		F7C335F117D0A29800D0A7AE /* Debug */ = {
			isa = XCBuildConfiguration;
			buildSettings = {
				ALWAYS_SEARCH_USER_PATHS = NO;
				CLANG_CXX_LANGUAGE_STANDARD = "gnu++0x";
				CLANG_CXX_LIBRARY = "libc++";
				CLANG_ENABLE_MODULES = YES;
				CLANG_ENABLE_OBJC_ARC = YES;
				CLANG_WARN_BOOL_CONVERSION = YES;
				CLANG_WARN_CONSTANT_CONVERSION = YES;
				CLANG_WARN_DIRECT_OBJC_ISA_USAGE = YES_ERROR;
				CLANG_WARN_EMPTY_BODY = YES;
				CLANG_WARN_ENUM_CONVERSION = YES;
				CLANG_WARN_INT_CONVERSION = YES;
				CLANG_WARN_OBJC_ROOT_CLASS = YES_ERROR;
				CLANG_WARN__DUPLICATE_METHOD_MATCH = YES;
				COPY_PHASE_STRIP = NO;
				GCC_C_LANGUAGE_STANDARD = gnu99;
				GCC_DYNAMIC_NO_PIC = NO;
				GCC_OPTIMIZATION_LEVEL = 0;
				GCC_PREPROCESSOR_DEFINITIONS = (
					"DEBUG=1",
					"$(inherited)",
				);
				GCC_SYMBOLS_PRIVATE_EXTERN = NO;
				GCC_WARN_ABOUT_RETURN_TYPE = YES_ERROR;
				GCC_WARN_UNDECLARED_SELECTOR = YES;
				GCC_WARN_UNINITIALIZED_AUTOS = YES;
				GCC_WARN_UNUSED_FUNCTION = YES;
				GCC_WARN_UNUSED_VARIABLE = YES;
				IPHONEOS_DEPLOYMENT_TARGET = 7.0;
				ONLY_ACTIVE_ARCH = YES;
				SDKROOT = iphoneos;
			};
			name = Debug;
		};
		F7C335F217D0A29800D0A7AE /* Release */ = {
			isa = XCBuildConfiguration;
			buildSettings = {
				ALWAYS_SEARCH_USER_PATHS = NO;
				CLANG_CXX_LANGUAGE_STANDARD = "gnu++0x";
				CLANG_CXX_LIBRARY = "libc++";
				CLANG_ENABLE_MODULES = YES;
				CLANG_ENABLE_OBJC_ARC = YES;
				CLANG_WARN_BOOL_CONVERSION = YES;
				CLANG_WARN_CONSTANT_CONVERSION = YES;
				CLANG_WARN_DIRECT_OBJC_ISA_USAGE = YES_ERROR;
				CLANG_WARN_EMPTY_BODY = YES;
				CLANG_WARN_ENUM_CONVERSION = YES;
				CLANG_WARN_INT_CONVERSION = YES;
				CLANG_WARN_OBJC_ROOT_CLASS = YES_ERROR;
				CLANG_WARN__DUPLICATE_METHOD_MATCH = YES;
				COPY_PHASE_STRIP = YES;
				ENABLE_NS_ASSERTIONS = NO;
				GCC_C_LANGUAGE_STANDARD = gnu99;
				GCC_WARN_ABOUT_RETURN_TYPE = YES_ERROR;
				GCC_WARN_UNDECLARED_SELECTOR = YES;
				GCC_WARN_UNINITIALIZED_AUTOS = YES;
				GCC_WARN_UNUSED_FUNCTION = YES;
				GCC_WARN_UNUSED_VARIABLE = YES;
				IPHONEOS_DEPLOYMENT_TARGET = 7.0;
				SDKROOT = iphoneos;
				VALIDATE_PRODUCT = YES;
			};
			name = Release;
		};
		F7C335F417D0A29800D0A7AE /* Debug */ = {
			isa = XCBuildConfiguration;
			baseConfigurationReference = DB9527A873CF40AF900172B9 /* Pods.xcconfig */;
			buildSettings = {
				DSTROOT = /tmp/Fiorite.dst;
				GCC_PRECOMPILE_PREFIX_HEADER = YES;
				GCC_PREFIX_HEADER = "Fiorite/Fiorite-Prefix.pch";
				IPHONEOS_DEPLOYMENT_TARGET = 5.0;
				LIBRARY_SEARCH_PATHS = "$(inherited)";
				OTHER_LDFLAGS = "-ObjC";
				PODS_BUILD_HEADERS_SEARCH_PATHS = "\"${PODS_ROOT}/BuildHeaders\" \"${PODS_ROOT}/BuildHeaders/AFNetworking\"  \"${PODS_ROOT}/BuildHeaders/JRSwizzle\" \"${PODS_ROOT}/BuildHeaders/Reachability\" \"${PODS_ROOT}/BuildHeaders/TouchJSON\" \"${PODS_ROOT}/BuildHeaders/UIColor-Utilities\"";
				PODS_HEADER_SEARCH_PATHS = "${PODS_PUBLIC_HEADERS_SEARCH_PATHS}";
				PODS_PUBLIC_HEADERS_SEARCH_PATHS = "\"${PODS_ROOT}/Headers\" \"${PODS_ROOT}/Headers/AFNetworking\" \"${PODS_ROOT}/Headers/JRSwizzle\" \"${PODS_ROOT}/Headers/Reachability\" \"${PODS_ROOT}/Headers/TouchJSON\" \"${PODS_ROOT}/Headers/UIColor-Utilities\"";
				PRODUCT_NAME = "$(TARGET_NAME)";
				SKIP_INSTALL = YES;
			};
			name = Debug;
		};
		F7C335F517D0A29800D0A7AE /* Release */ = {
			isa = XCBuildConfiguration;
			baseConfigurationReference = DB9527A873CF40AF900172B9 /* Pods.xcconfig */;
			buildSettings = {
				DSTROOT = /tmp/Fiorite.dst;
				GCC_PRECOMPILE_PREFIX_HEADER = YES;
				GCC_PREFIX_HEADER = "Fiorite/Fiorite-Prefix.pch";
				IPHONEOS_DEPLOYMENT_TARGET = 5.0;
				LIBRARY_SEARCH_PATHS = "$(inherited)";
				OTHER_LDFLAGS = "-ObjC";
				PODS_BUILD_HEADERS_SEARCH_PATHS = "\"${PODS_ROOT}/BuildHeaders\" \"${PODS_ROOT}/BuildHeaders/AFNetworking\"  \"${PODS_ROOT}/BuildHeaders/JRSwizzle\" \"${PODS_ROOT}/BuildHeaders/Reachability\" \"${PODS_ROOT}/BuildHeaders/TouchJSON\" \"${PODS_ROOT}/BuildHeaders/UIColor-Utilities\"";
				PODS_HEADER_SEARCH_PATHS = "${PODS_PUBLIC_HEADERS_SEARCH_PATHS}";
				PODS_PUBLIC_HEADERS_SEARCH_PATHS = "\"${PODS_ROOT}/Headers\" \"${PODS_ROOT}/Headers/AFNetworking\" \"${PODS_ROOT}/Headers/JRSwizzle\" \"${PODS_ROOT}/Headers/Reachability\" \"${PODS_ROOT}/Headers/TouchJSON\" \"${PODS_ROOT}/Headers/UIColor-Utilities\"";
				PRODUCT_NAME = "$(TARGET_NAME)";
				SKIP_INSTALL = YES;
			};
			name = Release;
		};
/* End XCBuildConfiguration section */

/* Begin XCConfigurationList section */
		F7C335CB17D0A29700D0A7AE /* Build configuration list for PBXProject "Fiorite" */ = {
			isa = XCConfigurationList;
			buildConfigurations = (
				F7C335F117D0A29800D0A7AE /* Debug */,
				F7C335F217D0A29800D0A7AE /* Release */,
			);
			defaultConfigurationIsVisible = 0;
			defaultConfigurationName = Release;
		};
		F7C335F317D0A29800D0A7AE /* Build configuration list for PBXNativeTarget "Fiorite" */ = {
			isa = XCConfigurationList;
			buildConfigurations = (
				F7C335F417D0A29800D0A7AE /* Debug */,
				F7C335F517D0A29800D0A7AE /* Release */,
			);
			defaultConfigurationIsVisible = 0;
			defaultConfigurationName = Release;
		};
/* End XCConfigurationList section */
	};
	rootObject = F7C335C817D0A29700D0A7AE /* Project object */;
}
